// !$*UTF8*$!
{
	archiveVersion = 1;
	classes = {
	};
	objectVersion = 77;
	objects = {

/* Begin PBXContainerItemProxy section */
		39CD10112D96A87400AC55B9 /* PBXContainerItemProxy */ = {
			isa = PBXContainerItemProxy;
			containerPortal = 39CD0FF42D96A87300AC55B9 /* Project object */;
			proxyType = 1;
			remoteGlobalIDString = 39CD0FFB2D96A87300AC55B9;
			remoteInfo = "SAND kiosk";
		};
		39CD101B2D96A87400AC55B9 /* PBXContainerItemProxy */ = {
			isa = PBXContainerItemProxy;
			containerPortal = 39CD0FF42D96A87300AC55B9 /* Project object */;
			proxyType = 1;
			remoteGlobalIDString = 39CD0FFB2D96A87300AC55B9;
			remoteInfo = "SAND kiosk";
		};
/* End PBXContainerItemProxy section */

/* Begin PBXFileReference section */
		39CD0FFC2D96A87300AC55B9 /* SAND kiosk.app */ = {isa = PBXFileReference; explicitFileType = wrapper.application; includeInIndex = 0; path = "SAND kiosk.app"; sourceTree = BUILT_PRODUCTS_DIR; };
		39CD10102D96A87400AC55B9 /* SAND kioskTests.xctest */ = {isa = PBXFileReference; explicitFileType = wrapper.cfbundle; includeInIndex = 0; path = "SAND kioskTests.xctest"; sourceTree = BUILT_PRODUCTS_DIR; };
		39CD101A2D96A87400AC55B9 /* SAND kioskUITests.xctest */ = {isa = PBXFileReference; explicitFileType = wrapper.cfbundle; includeInIndex = 0; path = "SAND kioskUITests.xctest"; sourceTree = BUILT_PRODUCTS_DIR; };
/* End PBXFileReference section */

/* Begin PBXFileSystemSynchronizedBuildFileExceptionSet section */
		39CD10222D96A87400AC55B9 /* Exceptions for "SAND kiosk" folder in "SAND kiosk" target */ = {
			isa = PBXFileSystemSynchronizedBuildFileExceptionSet;
			membershipExceptions = (
				Info.plist,
			);
			target = 39CD0FFB2D96A87300AC55B9 /* SAND kiosk */;
		};
/* End PBXFileSystemSynchronizedBuildFileExceptionSet section */

/* Begin PBXFileSystemSynchronizedRootGroup section */
		39CD0FFE2D96A87300AC55B9 /* SAND kiosk */ = {
			isa = PBXFileSystemSynchronizedRootGroup;
			exceptions = (
				39CD10222D96A87400AC55B9 /* Exceptions for "SAND kiosk" folder in "SAND kiosk" target */,
			);
			path = "SAND kiosk";
			sourceTree = "<group>";
		};
		39CD10132D96A87400AC55B9 /* SAND kioskTests */ = {
			isa = PBXFileSystemSynchronizedRootGroup;
			path = "SAND kioskTests";
			sourceTree = "<group>";
		};
		39CD101D2D96A87400AC55B9 /* SAND kioskUITests */ = {
			isa = PBXFileSystemSynchronizedRootGroup;
			path = "SAND kioskUITests";
			sourceTree = "<group>";
		};
/* End PBXFileSystemSynchronizedRootGroup section */

/* Begin PBXFrameworksBuildPhase section */
		39CD0FF92D96A87300AC55B9 /* Frameworks */ = {
			isa = PBXFrameworksBuildPhase;
			buildActionMask = 2147483647;
			files = (
			);
			runOnlyForDeploymentPostprocessing = 0;
		};
		39CD100D2D96A87400AC55B9 /* Frameworks */ = {
			isa = PBXFrameworksBuildPhase;
			buildActionMask = 2147483647;
			files = (
			);
			runOnlyForDeploymentPostprocessing = 0;
		};
		39CD10172D96A87400AC55B9 /* Frameworks */ = {
			isa = PBXFrameworksBuildPhase;
			buildActionMask = 2147483647;
			files = (
			);
			runOnlyForDeploymentPostprocessing = 0;
		};
/* End PBXFrameworksBuildPhase section */

/* Begin PBXGroup section */
		39CD0FF32D96A87300AC55B9 = {
			isa = PBXGroup;
			children = (
				39CD0FFE2D96A87300AC55B9 /* SAND kiosk */,
				39CD10132D96A87400AC55B9 /* SAND kioskTests */,
				39CD101D2D96A87400AC55B9 /* SAND kioskUITests */,
				39CD0FFD2D96A87300AC55B9 /* Products */,
			);
			sourceTree = "<group>";
		};
		39CD0FFD2D96A87300AC55B9 /* Products */ = {
			isa = PBXGroup;
			children = (
				39CD0FFC2D96A87300AC55B9 /* SAND kiosk.app */,
				39CD10102D96A87400AC55B9 /* SAND kioskTests.xctest */,
				39CD101A2D96A87400AC55B9 /* SAND kioskUITests.xctest */,
			);
			name = Products;
			sourceTree = "<group>";
		};
/* End PBXGroup section */

/* Begin PBXNativeTarget section */
		39CD0FFB2D96A87300AC55B9 /* SAND kiosk */ = {
			isa = PBXNativeTarget;
			buildConfigurationList = 39CD10232D96A87400AC55B9 /* Build configuration list for PBXNativeTarget "SAND kiosk" */;
			buildPhases = (
				39CD0FF82D96A87300AC55B9 /* Sources */,
				39CD0FF92D96A87300AC55B9 /* Frameworks */,
				39CD0FFA2D96A87300AC55B9 /* Resources */,
			);
			buildRules = (
			);
			dependencies = (
			);
			fileSystemSynchronizedGroups = (
				39CD0FFE2D96A87300AC55B9 /* SAND kiosk */,
			);
			name = "SAND kiosk";
			packageProductDependencies = (
			);
			productName = "SAND kiosk";
			productReference = 39CD0FFC2D96A87300AC55B9 /* SAND kiosk.app */;
			productType = "com.apple.product-type.application";
		};
		39CD100F2D96A87400AC55B9 /* SAND kioskTests */ = {
			isa = PBXNativeTarget;
			buildConfigurationList = 39CD10282D96A87400AC55B9 /* Build configuration list for PBXNativeTarget "SAND kioskTests" */;
			buildPhases = (
				39CD100C2D96A87400AC55B9 /* Sources */,
				39CD100D2D96A87400AC55B9 /* Frameworks */,
				39CD100E2D96A87400AC55B9 /* Resources */,
			);
			buildRules = (
			);
			dependencies = (
				39CD10122D96A87400AC55B9 /* PBXTargetDependency */,
			);
			fileSystemSynchronizedGroups = (
				39CD10132D96A87400AC55B9 /* SAND kioskTests */,
			);
			name = "SAND kioskTests";
			packageProductDependencies = (
			);
			productName = "SAND kioskTests";
			productReference = 39CD10102D96A87400AC55B9 /* SAND kioskTests.xctest */;
			productType = "com.apple.product-type.bundle.unit-test";
		};
		39CD10192D96A87400AC55B9 /* SAND kioskUITests */ = {
			isa = PBXNativeTarget;
			buildConfigurationList = 39CD102B2D96A87400AC55B9 /* Build configuration list for PBXNativeTarget "SAND kioskUITests" */;
			buildPhases = (
				39CD10162D96A87400AC55B9 /* Sources */,
				39CD10172D96A87400AC55B9 /* Frameworks */,
				39CD10182D96A87400AC55B9 /* Resources */,
			);
			buildRules = (
			);
			dependencies = (
				39CD101C2D96A87400AC55B9 /* PBXTargetDependency */,
			);
			fileSystemSynchronizedGroups = (
				39CD101D2D96A87400AC55B9 /* SAND kioskUITests */,
			);
			name = "SAND kioskUITests";
			packageProductDependencies = (
			);
			productName = "SAND kioskUITests";
			productReference = 39CD101A2D96A87400AC55B9 /* SAND kioskUITests.xctest */;
			productType = "com.apple.product-type.bundle.ui-testing";
		};
/* End PBXNativeTarget section */

/* Begin PBXProject section */
		39CD0FF42D96A87300AC55B9 /* Project object */ = {
			isa = PBXProject;
			attributes = {
				BuildIndependentTargetsInParallel = 1;
				LastSwiftUpdateCheck = 1620;
				LastUpgradeCheck = 1620;
				TargetAttributes = {
					39CD0FFB2D96A87300AC55B9 = {
						CreatedOnToolsVersion = 16.2;
					};
					39CD100F2D96A87400AC55B9 = {
						CreatedOnToolsVersion = 16.2;
						TestTargetID = 39CD0FFB2D96A87300AC55B9;
					};
					39CD10192D96A87400AC55B9 = {
						CreatedOnToolsVersion = 16.2;
						TestTargetID = 39CD0FFB2D96A87300AC55B9;
					};
				};
			};
			buildConfigurationList = 39CD0FF72D96A87300AC55B9 /* Build configuration list for PBXProject "SAND kiosk" */;
			developmentRegion = en;
			hasScannedForEncodings = 0;
			knownRegions = (
				en,
				Base,
			);
			mainGroup = 39CD0FF32D96A87300AC55B9;
			minimizedProjectReferenceProxies = 1;
			preferredProjectObjectVersion = 77;
			productRefGroup = 39CD0FFD2D96A87300AC55B9 /* Products */;
			projectDirPath = "";
			projectRoot = "";
			targets = (
				39CD0FFB2D96A87300AC55B9 /* SAND kiosk */,
				39CD100F2D96A87400AC55B9 /* SAND kioskTests */,
				39CD10192D96A87400AC55B9 /* SAND kioskUITests */,
			);
		};
/* End PBXProject section */

/* Begin PBXResourcesBuildPhase section */
		39CD0FFA2D96A87300AC55B9 /* Resources */ = {
			isa = PBXResourcesBuildPhase;
			buildActionMask = 2147483647;
			files = (
			);
			runOnlyForDeploymentPostprocessing = 0;
		};
		39CD100E2D96A87400AC55B9 /* Resources */ = {
			isa = PBXResourcesBuildPhase;
			buildActionMask = 2147483647;
			files = (
			);
			runOnlyForDeploymentPostprocessing = 0;
		};
		39CD10182D96A87400AC55B9 /* Resources */ = {
			isa = PBXResourcesBuildPhase;
			buildActionMask = 2147483647;
			files = (
			);
			runOnlyForDeploymentPostprocessing = 0;
		};
/* End PBXResourcesBuildPhase section */

/* Begin PBXSourcesBuildPhase section */
		39CD0FF82D96A87300AC55B9 /* Sources */ = {
			isa = PBXSourcesBuildPhase;
			buildActionMask = 2147483647;
			files = (
			);
			runOnlyForDeploymentPostprocessing = 0;
		};
		39CD100C2D96A87400AC55B9 /* Sources */ = {
			isa = PBXSourcesBuildPhase;
			buildActionMask = 2147483647;
			files = (
			);
			runOnlyForDeploymentPostprocessing = 0;
		};
		39CD10162D96A87400AC55B9 /* Sources */ = {
			isa = PBXSourcesBuildPhase;
			buildActionMask = 2147483647;
			files = (
			);
			runOnlyForDeploymentPostprocessing = 0;
		};
/* End PBXSourcesBuildPhase section */

/* Begin PBXTargetDependency section */
		39CD10122D96A87400AC55B9 /* PBXTargetDependency */ = {
			isa = PBXTargetDependency;
			target = 39CD0FFB2D96A87300AC55B9 /* SAND kiosk */;
			targetProxy = 39CD10112D96A87400AC55B9 /* PBXContainerItemProxy */;
		};
		39CD101C2D96A87400AC55B9 /* PBXTargetDependency */ = {
			isa = PBXTargetDependency;
			target = 39CD0FFB2D96A87300AC55B9 /* SAND kiosk */;
			targetProxy = 39CD101B2D96A87400AC55B9 /* PBXContainerItemProxy */;
		};
/* End PBXTargetDependency section */

/* Begin XCBuildConfiguration section */
		39CD10242D96A87400AC55B9 /* Debug */ = {
			isa = XCBuildConfiguration;
			buildSettings = {
				ASSETCATALOG_COMPILER_APPICON_NAME = AppIcon;
				ASSETCATALOG_COMPILER_GLOBAL_ACCENT_COLOR_NAME = AccentColor;
				CODE_SIGN_ENTITLEMENTS = "SAND kiosk/SAND_kiosk.entitlements";
				CODE_SIGN_STYLE = Automatic;
				CURRENT_PROJECT_VERSION = 1;
				DEVELOPMENT_ASSET_PATHS = "\"SAND kiosk/Preview Content\"";
				DEVELOPMENT_TEAM = 2F9KK66UP3;
				ENABLE_PREVIEWS = YES;
				GENERATE_INFOPLIST_FILE = YES;
				INFOPLIST_FILE = "SAND kiosk/Info.plist";
				INFOPLIST_KEY_UIApplicationSceneManifest_Generation = YES;
				INFOPLIST_KEY_UIApplicationSupportsIndirectInputEvents = YES;
				INFOPLIST_KEY_UILaunchScreen_Generation = YES;
				INFOPLIST_KEY_UISupportedInterfaceOrientations_iPad = "UIInterfaceOrientationPortrait UIInterfaceOrientationPortraitUpsideDown UIInterfaceOrientationLandscapeLeft UIInterfaceOrientationLandscapeRight";
				INFOPLIST_KEY_UISupportedInterfaceOrientations_iPhone = "UIInterfaceOrientationPortrait UIInterfaceOrientationLandscapeLeft UIInterfaceOrientationLandscapeRight";
				LD_RUNPATH_SEARCH_PATHS = (
					"$(inherited)",
					"@executable_path/Frameworks",
				);
				MARKETING_VERSION = 1.0;
				PRODUCT_BUNDLE_IDENTIFIER = "com.games407.SAND-kiosk";
				PRODUCT_NAME = "$(TARGET_NAME)";
				SWIFT_EMIT_LOC_STRINGS = YES;
				SWIFT_VERSION = 5.0;
				TARGETED_DEVICE_FAMILY = "1,2";
			};
			name = Debug;
		};
		39CD10252D96A87400AC55B9 /* Release */ = {
			isa = XCBuildConfiguration;
			buildSettings = {
				ASSETCATALOG_COMPILER_APPICON_NAME = AppIcon;
				ASSETCATALOG_COMPILER_GLOBAL_ACCENT_COLOR_NAME = AccentColor;
				CODE_SIGN_ENTITLEMENTS = "SAND kiosk/SAND_kiosk.entitlements";
				CODE_SIGN_STYLE = Automatic;
				CURRENT_PROJECT_VERSION = 1;
				DEVELOPMENT_ASSET_PATHS = "\"SAND kiosk/Preview Content\"";
				DEVELOPMENT_TEAM = 2F9KK66UP3;
				ENABLE_PREVIEWS = YES;
				GENERATE_INFOPLIST_FILE = YES;
				INFOPLIST_FILE = "SAND kiosk/Info.plist";
				INFOPLIST_KEY_UIApplicationSceneManifest_Generation = YES;
				INFOPLIST_KEY_UIApplicationSupportsIndirectInputEvents = YES;
				INFOPLIST_KEY_UILaunchScreen_Generation = YES;
				INFOPLIST_KEY_UISupportedInterfaceOrientations_iPad = "UIInterfaceOrientationPortrait UIInterfaceOrientationPortraitUpsideDown UIInterfaceOrientationLandscapeLeft UIInterfaceOrientationLandscapeRight";
				INFOPLIST_KEY_UISupportedInterfaceOrientations_iPhone = "UIInterfaceOrientationPortrait UIInterfaceOrientationLandscapeLeft UIInterfaceOrientationLandscapeRight";
				LD_RUNPATH_SEARCH_PATHS = (
					"$(inherited)",
					"@executable_path/Frameworks",
				);
				MARKETING_VERSION = 1.0;
				PRODUCT_BUNDLE_IDENTIFIER = "com.games407.SAND-kiosk";
				PRODUCT_NAME = "$(TARGET_NAME)";
				SWIFT_EMIT_LOC_STRINGS = YES;
				SWIFT_VERSION = 5.0;
				TARGETED_DEVICE_FAMILY = "1,2";
			};
			name = Release;
		};
		39CD10262D96A87400AC55B9 /* Debug */ = {
			isa = XCBuildConfiguration;
			buildSettings = {
				ALWAYS_SEARCH_USER_PATHS = NO;
				ASSETCATALOG_COMPILER_GENERATE_SWIFT_ASSET_SYMBOL_EXTENSIONS = YES;
				CLANG_ANALYZER_NONNULL = YES;
				CLANG_ANALYZER_NUMBER_OBJECT_CONVERSION = YES_AGGRESSIVE;
				CLANG_CXX_LANGUAGE_STANDARD = "gnu++20";
				CLANG_ENABLE_MODULES = YES;
				CLANG_ENABLE_OBJC_ARC = YES;
				CLANG_ENABLE_OBJC_WEAK = YES;
				CLANG_WARN_BLOCK_CAPTURE_AUTORELEASING = YES;
				CLANG_WARN_BOOL_CONVERSION = YES;
				CLANG_WARN_COMMA = YES;
				CLANG_WARN_CONSTANT_CONVERSION = YES;
				CLANG_WARN_DEPRECATED_OBJC_IMPLEMENTATIONS = YES;
				CLANG_WARN_DIRECT_OBJC_ISA_USAGE = YES_ERROR;
				CLANG_WARN_DOCUMENTATION_COMMENTS = YES;
				CLANG_WARN_EMPTY_BODY = YES;
				CLANG_WARN_ENUM_CONVERSION = YES;
				CLANG_WARN_INFINITE_RECURSION = YES;
				CLANG_WARN_INT_CONVERSION = YES;
				CLANG_WARN_NON_LITERAL_NULL_CONVERSION = YES;
				CLANG_WARN_OBJC_IMPLICIT_RETAIN_SELF = YES;
				CLANG_WARN_OBJC_LITERAL_CONVERSION = YES;
				CLANG_WARN_OBJC_ROOT_CLASS = YES_ERROR;
				CLANG_WARN_QUOTED_INCLUDE_IN_FRAMEWORK_HEADER = YES;
				CLANG_WARN_RANGE_LOOP_ANALYSIS = YES;
				CLANG_WARN_STRICT_PROTOTYPES = YES;
				CLANG_WARN_SUSPICIOUS_MOVE = YES;
				CLANG_WARN_UNGUARDED_AVAILABILITY = YES_AGGRESSIVE;
				CLANG_WARN_UNREACHABLE_CODE = YES;
				CLANG_WARN__DUPLICATE_METHOD_MATCH = YES;
				COPY_PHASE_STRIP = NO;
				DEBUG_INFORMATION_FORMAT = dwarf;
				ENABLE_STRICT_OBJC_MSGSEND = YES;
				ENABLE_TESTABILITY = YES;
				ENABLE_USER_SCRIPT_SANDBOXING = YES;
				GCC_C_LANGUAGE_STANDARD = gnu17;
				GCC_DYNAMIC_NO_PIC = NO;
				GCC_NO_COMMON_BLOCKS = YES;
				GCC_OPTIMIZATION_LEVEL = 0;
				GCC_PREPROCESSOR_DEFINITIONS = (
					"DEBUG=1",
					"$(inherited)",
				);
				GCC_WARN_64_TO_32_BIT_CONVERSION = YES;
				GCC_WARN_ABOUT_RETURN_TYPE = YES_ERROR;
				GCC_WARN_UNDECLARED_SELECTOR = YES;
				GCC_WARN_UNINITIALIZED_AUTOS = YES_AGGRESSIVE;
				GCC_WARN_UNUSED_FUNCTION = YES;
				GCC_WARN_UNUSED_VARIABLE = YES;
				IPHONEOS_DEPLOYMENT_TARGET = 18.2;
				LOCALIZATION_PREFERS_STRING_CATALOGS = YES;
				MTL_ENABLE_DEBUG_INFO = INCLUDE_SOURCE;
				MTL_FAST_MATH = YES;
				ONLY_ACTIVE_ARCH = YES;
				SDKROOT = iphoneos;
				SWIFT_ACTIVE_COMPILATION_CONDITIONS = "DEBUG $(inherited)";
				SWIFT_OPTIMIZATION_LEVEL = "-Onone";
			};
			name = Debug;
		};
		39CD10272D96A87400AC55B9 /* Release */ = {
			isa = XCBuildConfiguration;
			buildSettings = {
				ALWAYS_SEARCH_USER_PATHS = NO;
				ASSETCATALOG_COMPILER_GENERATE_SWIFT_ASSET_SYMBOL_EXTENSIONS = YES;
				CLANG_ANALYZER_NONNULL = YES;
				CLANG_ANALYZER_NUMBER_OBJECT_CONVERSION = YES_AGGRESSIVE;
				CLANG_CXX_LANGUAGE_STANDARD = "gnu++20";
				CLANG_ENABLE_MODULES = YES;
				CLANG_ENABLE_OBJC_ARC = YES;
				CLANG_ENABLE_OBJC_WEAK = YES;
				CLANG_WARN_BLOCK_CAPTURE_AUTORELEASING = YES;
				CLANG_WARN_BOOL_CONVERSION = YES;
				CLANG_WARN_COMMA = YES;
				CLANG_WARN_CONSTANT_CONVERSION = YES;
				CLANG_WARN_DEPRECATED_OBJC_IMPLEMENTATIONS = YES;
				CLANG_WARN_DIRECT_OBJC_ISA_USAGE = YES_ERROR;
				CLANG_WARN_DOCUMENTATION_COMMENTS = YES;
				CLANG_WARN_EMPTY_BODY = YES;
				CLANG_WARN_ENUM_CONVERSION = YES;
				CLANG_WARN_INFINITE_RECURSION = YES;
				CLANG_WARN_INT_CONVERSION = YES;
				CLANG_WARN_NON_LITERAL_NULL_CONVERSION = YES;
				CLANG_WARN_OBJC_IMPLICIT_RETAIN_SELF = YES;
				CLANG_WARN_OBJC_LITERAL_CONVERSION = YES;
				CLANG_WARN_OBJC_ROOT_CLASS = YES_ERROR;
				CLANG_WARN_QUOTED_INCLUDE_IN_FRAMEWORK_HEADER = YES;
				CLANG_WARN_RANGE_LOOP_ANALYSIS = YES;
				CLANG_WARN_STRICT_PROTOTYPES = YES;
				CLANG_WARN_SUSPICIOUS_MOVE = YES;
				CLANG_WARN_UNGUARDED_AVAILABILITY = YES_AGGRESSIVE;
				CLANG_WARN_UNREACHABLE_CODE = YES;
				CLANG_WARN__DUPLICATE_METHOD_MATCH = YES;
				COPY_PHASE_STRIP = NO;
				DEBUG_INFORMATION_FORMAT = "dwarf-with-dsym";
				ENABLE_NS_ASSERTIONS = NO;
				ENABLE_STRICT_OBJC_MSGSEND = YES;
				ENABLE_USER_SCRIPT_SANDBOXING = YES;
				GCC_C_LANGUAGE_STANDARD = gnu17;
				GCC_NO_COMMON_BLOCKS = YES;
				GCC_WARN_64_TO_32_BIT_CONVERSION = YES;
				GCC_WARN_ABOUT_RETURN_TYPE = YES_ERROR;
				GCC_WARN_UNDECLARED_SELECTOR = YES;
				GCC_WARN_UNINITIALIZED_AUTOS = YES_AGGRESSIVE;
				GCC_WARN_UNUSED_FUNCTION = YES;
				GCC_WARN_UNUSED_VARIABLE = YES;
				IPHONEOS_DEPLOYMENT_TARGET = 18.2;
				LOCALIZATION_PREFERS_STRING_CATALOGS = YES;
				MTL_ENABLE_DEBUG_INFO = NO;
				MTL_FAST_MATH = YES;
				SDKROOT = iphoneos;
				SWIFT_COMPILATION_MODE = wholemodule;
				VALIDATE_PRODUCT = YES;
			};
			name = Release;
		};
		39CD10292D96A87400AC55B9 /* Debug */ = {
			isa = XCBuildConfiguration;
			buildSettings = {
				BUNDLE_LOADER = "$(TEST_HOST)";
				CODE_SIGN_STYLE = Automatic;
				CURRENT_PROJECT_VERSION = 1;
				DEVELOPMENT_TEAM = 2F9KK66UP3;
				GENERATE_INFOPLIST_FILE = YES;
				IPHONEOS_DEPLOYMENT_TARGET = 18.2;
				MARKETING_VERSION = 1.0;
				PRODUCT_BUNDLE_IDENTIFIER = "com.games407.SAND-kioskTests";
				PRODUCT_NAME = "$(TARGET_NAME)";
				SWIFT_EMIT_LOC_STRINGS = NO;
				SWIFT_VERSION = 5.0;
				TARGETED_DEVICE_FAMILY = "1,2";
				TEST_HOST = "$(BUILT_PRODUCTS_DIR)/SAND kiosk.app/$(BUNDLE_EXECUTABLE_FOLDER_PATH)/SAND kiosk";
			};
			name = Debug;
		};
		39CD102A2D96A87400AC55B9 /* Release */ = {
			isa = XCBuildConfiguration;
			buildSettings = {
				BUNDLE_LOADER = "$(TEST_HOST)";
				CODE_SIGN_STYLE = Automatic;
				CURRENT_PROJECT_VERSION = 1;
				DEVELOPMENT_TEAM = 2F9KK66UP3;
				GENERATE_INFOPLIST_FILE = YES;
				IPHONEOS_DEPLOYMENT_TARGET = 18.2;
				MARKETING_VERSION = 1.0;
				PRODUCT_BUNDLE_IDENTIFIER = "com.games407.SAND-kioskTests";
				PRODUCT_NAME = "$(TARGET_NAME)";
				SWIFT_EMIT_LOC_STRINGS = NO;
				SWIFT_VERSION = 5.0;
				TARGETED_DEVICE_FAMILY = "1,2";
				TEST_HOST = "$(BUILT_PRODUCTS_DIR)/SAND kiosk.app/$(BUNDLE_EXECUTABLE_FOLDER_PATH)/SAND kiosk";
			};
			name = Release;
		};
		39CD102C2D96A87400AC55B9 /* Debug */ = {
			isa = XCBuildConfiguration;
			buildSettings = {
				CODE_SIGN_STYLE = Automatic;
				CURRENT_PROJECT_VERSION = 1;
				DEVELOPMENT_TEAM = 2F9KK66UP3;
				GENERATE_INFOPLIST_FILE = YES;
				MARKETING_VERSION = 1.0;
				PRODUCT_BUNDLE_IDENTIFIER = "com.games407.SAND-kioskUITests";
				PRODUCT_NAME = "$(TARGET_NAME)";
				SWIFT_EMIT_LOC_STRINGS = NO;
				SWIFT_VERSION = 5.0;
				TARGETED_DEVICE_FAMILY = "1,2";
				TEST_TARGET_NAME = "SAND kiosk";
			};
			name = Debug;
		};
		39CD102D2D96A87400AC55B9 /* Release */ = {
			isa = XCBuildConfiguration;
			buildSettings = {
				CODE_SIGN_STYLE = Automatic;
				CURRENT_PROJECT_VERSION = 1;
				DEVELOPMENT_TEAM = 2F9KK66UP3;
				GENERATE_INFOPLIST_FILE = YES;
				MARKETING_VERSION = 1.0;
				PRODUCT_BUNDLE_IDENTIFIER = "com.games407.SAND-kioskUITests";
				PRODUCT_NAME = "$(TARGET_NAME)";
				SWIFT_EMIT_LOC_STRINGS = NO;
				SWIFT_VERSION = 5.0;
				TARGETED_DEVICE_FAMILY = "1,2";
				TEST_TARGET_NAME = "SAND kiosk";
			};
			name = Release;
		};
/* End XCBuildConfiguration section */

/* Begin XCConfigurationList section */
		39CD0FF72D96A87300AC55B9 /* Build configuration list for PBXProject "SAND kiosk" */ = {
			isa = XCConfigurationList;
			buildConfigurations = (
				39CD10262D96A87400AC55B9 /* Debug */,
				39CD10272D96A87400AC55B9 /* Release */,
			);
			defaultConfigurationIsVisible = 0;
			defaultConfigurationName = Release;
		};
		39CD10232D96A87400AC55B9 /* Build configuration list for PBXNativeTarget "SAND kiosk" */ = {
			isa = XCConfigurationList;
			buildConfigurations = (
				39CD10242D96A87400AC55B9 /* Debug */,
				39CD10252D96A87400AC55B9 /* Release */,
			);
			defaultConfigurationIsVisible = 0;
			defaultConfigurationName = Release;
		};
		39CD10282D96A87400AC55B9 /* Build configuration list for PBXNativeTarget "SAND kioskTests" */ = {
			isa = XCConfigurationList;
			buildConfigurations = (
				39CD10292D96A87400AC55B9 /* Debug */,
				39CD102A2D96A87400AC55B9 /* Release */,
			);
			defaultConfigurationIsVisible = 0;
			defaultConfigurationName = Release;
		};
		39CD102B2D96A87400AC55B9 /* Build configuration list for PBXNativeTarget "SAND kioskUITests" */ = {
			isa = XCConfigurationList;
			buildConfigurations = (
				39CD102C2D96A87400AC55B9 /* Debug */,
				39CD102D2D96A87400AC55B9 /* Release */,
			);
			defaultConfigurationIsVisible = 0;
			defaultConfigurationName = Release;
		};
/* End XCConfigurationList section */
	};
	rootObject = 39CD0FF42D96A87300AC55B9 /* Project object */;
}
