// !$*UTF8*$!
{
	archiveVersion = 1;
	classes = {
	};
	objectVersion = 77;
	objects = {

/* Begin PBXBuildFile section */
		39CD10002D96A87300AC55B9 /* SAND_kioskApp.swift in Sources */ = {isa = PBXBuildFile; fileRef = 39CD0FFF2D96A87300AC55B9 /* SAND_kioskApp.swift */; };
		39CD10022D96A87300AC55B9 /* ContentView.swift in Sources */ = {isa = PBXBuildFile; fileRef = 39CD10012D96A87300AC55B9 /* ContentView.swift */; };
		39CD10062D96A87400AC55B9 /* Assets.xcassets in Resources */ = {isa = PBXBuildFile; fileRef = 39CD10052D96A87400AC55B9 /* Assets.xcassets */; };
		39CD103C2D96AAD000AC55B9 /* BackendAPI.swift in Sources */ = {isa = PBXBuildFile; fileRef = 39CD103B2D96AAD000AC55B9 /* BackendAPI.swift */; };
		39CD10402D96AAE200AC55B9 /* ImageExporter.swift in Sources */ = {isa = PBXBuildFile; fileRef = 39CD103F2D96AAE200AC55B9 /* ImageExporter.swift */; };
		39CD10422D96AAEF00AC55B9 /* View+Modifiers.swift in Sources */ = {isa = PBXBuildFile; fileRef = 39CD10412D96AAEF00AC55B9 /* View+Modifiers.swift */; };
		39CD10482D96AC1E00AC55B9 /* .gitignore in Resources */ = {isa = PBXBuildFile; fileRef = 39CD10472D96AC1800AC55B9 /* .gitignore */; };
		39CD10492D96AD7200AC55B9 /* IdleView.swift in Sources */ = {isa = PBXBuildFile; fileRef = 39CD10362D96AA9600AC55B9 /* IdleView.swift */; };
		39CD104B2D96AD7200AC55B9 /* UserInfoView.swift in Sources */ = {isa = PBXBuildFile; fileRef = 39CD10382D96AAB700AC55B9 /* UserInfoView.swift */; };
		39CD104C2D96AD7200AC55B9 /* ProcessingView.swift in Sources */ = {isa = PBXBuildFile; fileRef = 39CD10392D96AABF00AC55B9 /* ProcessingView.swift */; };
		39CD104D2D96AD7200AC55B9 /* ResultView.swift in Sources */ = {isa = PBXBuildFile; fileRef = 39CD103A2D96AAC500AC55B9 /* ResultView.swift */; };
		39CD104E2D96C6BA00AC55B9 /* DreamSession.swift in Sources */ = {isa = PBXBuildFile; fileRef = 39CD10332D96AA6100AC55B9 /* DreamSession.swift */; };
		39CD104F2D96C6C200AC55B9 /* DreamSessionViewModel.swift in Sources */ = {isa = PBXBuildFile; fileRef = 39CD10342D96AA6F00AC55B9 /* DreamSessionViewModel.swift */; };
		39CD10502D96C90000AC55B9 /* DreamInputView.swift in Sources */ = {isa = PBXBuildFile; fileRef = 39CD10372D96AAAF00AC55B9 /* DreamInputView.swift */; };
		39CD10532D96D1FC00AC55B9 /* Colors.swift in Sources */ = {isa = PBXBuildFile; fileRef = 39CD10522D96D1D900AC55B9 /* Colors.swift */; };
		39CD10552D96D49300AC55B9 /* Fonts.swift in Sources */ = {isa = PBXBuildFile; fileRef = 39CD10542D96D48D00AC55B9 /* Fonts.swift */; };
		39CD10692D96D60B00AC55B9 /* Comfortaa-Light.ttf in Resources */ = {isa = PBXBuildFile; fileRef = 39CD105C2D96D60B00AC55B9 /* Comfortaa-Light.ttf */; };
		39CD106A2D96D60B00AC55B9 /* Comfortaa-Bold.ttf in Resources */ = {isa = PBXBuildFile; fileRef = 39CD105B2D96D60B00AC55B9 /* Comfortaa-Bold.ttf */; };
		39CD106B2D96D60B00AC55B9 /* Athelas-BoldItalic.ttf in Resources */ = {isa = PBXBuildFile; fileRef = 39CD10572D96D60B00AC55B9 /* Athelas-BoldItalic.ttf */; };
		39CD106C2D96D60B00AC55B9 /* Comfortaa-Medium.ttf in Resources */ = {isa = PBXBuildFile; fileRef = 39CD105D2D96D60B00AC55B9 /* Comfortaa-Medium.ttf */; };
		39CD106D2D96D60B00AC55B9 /* Lora-BoldItalic.ttf in Resources */ = {isa = PBXBuildFile; fileRef = 39CD10612D96D60B00AC55B9 /* Lora-BoldItalic.ttf */; };
		39CD106E2D96D60B00AC55B9 /* Athelas-Bold.ttf in Resources */ = {isa = PBXBuildFile; fileRef = 39CD10562D96D60B00AC55B9 /* Athelas-Bold.ttf */; };
		39CD106F2D96D60B00AC55B9 /* AveriaSerif-LightItalic.ttf in Resources */ = {isa = PBXBuildFile; fileRef = 39CD105A2D96D60B00AC55B9 /* AveriaSerif-LightItalic.ttf */; };
		39CD10702D96D60B00AC55B9 /* Comfortaa-SemiBold.ttf in Resources */ = {isa = PBXBuildFile; fileRef = 39CD105F2D96D60B00AC55B9 /* Comfortaa-SemiBold.ttf */; };
		39CD10712D96D60B00AC55B9 /* Lora-Medium.ttf in Resources */ = {isa = PBXBuildFile; fileRef = 39CD10632D96D60B00AC55B9 /* Lora-Medium.ttf */; };
		39CD10722D96D60B00AC55B9 /* Athelas-Regular.ttf in Resources */ = {isa = PBXBuildFile; fileRef = 39CD10592D96D60B00AC55B9 /* Athelas-Regular.ttf */; };
		39CD10732D96D60B00AC55B9 /* Lora-Bold.ttf in Resources */ = {isa = PBXBuildFile; fileRef = 39CD10602D96D60B00AC55B9 /* Lora-Bold.ttf */; };
		39CD10742D96D60B00AC55B9 /* Comfortaa-Regular.ttf in Resources */ = {isa = PBXBuildFile; fileRef = 39CD105E2D96D60B00AC55B9 /* Comfortaa-Regular.ttf */; };
		39CD10752D96D60B00AC55B9 /* Lora-Regular.ttf in Resources */ = {isa = PBXBuildFile; fileRef = 39CD10652D96D60B00AC55B9 /* Lora-Regular.ttf */; };
		39CD10762D96D60B00AC55B9 /* Athelas-Italic.ttf in Resources */ = {isa = PBXBuildFile; fileRef = 39CD10582D96D60B00AC55B9 /* Athelas-Italic.ttf */; };
		39CD10772D96D60B00AC55B9 /* Lora-Italic.ttf in Resources */ = {isa = PBXBuildFile; fileRef = 39CD10622D96D60B00AC55B9 /* Lora-Italic.ttf */; };
		39CD10782D96D60B00AC55B9 /* Lora-MediumItalic.ttf in Resources */ = {isa = PBXBuildFile; fileRef = 39CD10642D96D60B00AC55B9 /* Lora-MediumItalic.ttf */; };
		39CD10792D96D60B00AC55B9 /* Lora-VariableFont_wght.ttf in Resources */ = {isa = PBXBuildFile; fileRef = 39CD10682D96D60B00AC55B9 /* Lora-VariableFont_wght.ttf */; };
		39CD107A2D96D60B00AC55B9 /* Lora-SemiBold.ttf in Resources */ = {isa = PBXBuildFile; fileRef = 39CD10662D96D60B00AC55B9 /* Lora-SemiBold.ttf */; };
		39CD107B2D96D60B00AC55B9 /* Lora-SemiBoldItalic.ttf in Resources */ = {isa = PBXBuildFile; fileRef = 39CD10672D96D60B00AC55B9 /* Lora-SemiBoldItalic.ttf */; };
		39CD107F2D96D95700AC55B9 /* Lottie in Frameworks */ = {isa = PBXBuildFile; productRef = 39CD107E2D96D95700AC55B9 /* Lottie */; };
		39CD10832D96D9BE00AC55B9 /* LottieView.swift in Sources */ = {isa = PBXBuildFile; fileRef = 39CD10822D96D9B600AC55B9 /* LottieView.swift */; };
		39E3EF492D96DC1400DB85FA /* test.json in Resources */ = {isa = PBXBuildFile; fileRef = 39E3EF482D96DC1400DB85FA /* test.json */; };
/* End PBXBuildFile section */

/* Begin PBXFileReference section */
		39CD0FFC2D96A87300AC55B9 /* SAND kiosk.app */ = {isa = PBXFileReference; explicitFileType = wrapper.application; includeInIndex = 0; path = "SAND kiosk.app"; sourceTree = BUILT_PRODUCTS_DIR; };
		39CD0FFF2D96A87300AC55B9 /* SAND_kioskApp.swift */ = {isa = PBXFileReference; lastKnownFileType = sourcecode.swift; path = SAND_kioskApp.swift; sourceTree = "<group>"; };
		39CD10012D96A87300AC55B9 /* ContentView.swift */ = {isa = PBXFileReference; lastKnownFileType = sourcecode.swift; path = ContentView.swift; sourceTree = "<group>"; };
		39CD10052D96A87400AC55B9 /* Assets.xcassets */ = {isa = PBXFileReference; lastKnownFileType = folder.assetcatalog; path = Assets.xcassets; sourceTree = "<group>"; };
		39CD100A2D96A87400AC55B9 /* SAND_kiosk.entitlements */ = {isa = PBXFileReference; lastKnownFileType = text.plist.entitlements; path = SAND_kiosk.entitlements; sourceTree = "<group>"; };
		39CD100B2D96A87400AC55B9 /* Info.plist */ = {isa = PBXFileReference; lastKnownFileType = text.plist.xml; path = Info.plist; sourceTree = "<group>"; };
		39CD10332D96AA6100AC55B9 /* DreamSession.swift */ = {isa = PBXFileReference; lastKnownFileType = sourcecode.swift; path = DreamSession.swift; sourceTree = "<group>"; };
		39CD10342D96AA6F00AC55B9 /* DreamSessionViewModel.swift */ = {isa = PBXFileReference; lastKnownFileType = sourcecode.swift; path = DreamSessionViewModel.swift; sourceTree = "<group>"; };
		39CD10362D96AA9600AC55B9 /* IdleView.swift */ = {isa = PBXFileReference; lastKnownFileType = sourcecode.swift; path = IdleView.swift; sourceTree = "<group>"; };
		39CD10372D96AAAF00AC55B9 /* DreamInputView.swift */ = {isa = PBXFileReference; lastKnownFileType = sourcecode.swift; path = DreamInputView.swift; sourceTree = "<group>"; };
		39CD10382D96AAB700AC55B9 /* UserInfoView.swift */ = {isa = PBXFileReference; lastKnownFileType = sourcecode.swift; path = UserInfoView.swift; sourceTree = "<group>"; };
		39CD10392D96AABF00AC55B9 /* ProcessingView.swift */ = {isa = PBXFileReference; lastKnownFileType = sourcecode.swift; path = ProcessingView.swift; sourceTree = "<group>"; };
		39CD103A2D96AAC500AC55B9 /* ResultView.swift */ = {isa = PBXFileReference; lastKnownFileType = sourcecode.swift; path = ResultView.swift; sourceTree = "<group>"; };
		39CD103B2D96AAD000AC55B9 /* BackendAPI.swift */ = {isa = PBXFileReference; lastKnownFileType = sourcecode.swift; path = BackendAPI.swift; sourceTree = "<group>"; };
		39CD103F2D96AAE200AC55B9 /* ImageExporter.swift */ = {isa = PBXFileReference; lastKnownFileType = sourcecode.swift; path = ImageExporter.swift; sourceTree = "<group>"; };
		39CD10412D96AAEF00AC55B9 /* View+Modifiers.swift */ = {isa = PBXFileReference; lastKnownFileType = sourcecode.swift; path = "View+Modifiers.swift"; sourceTree = "<group>"; };
		39CD10472D96AC1800AC55B9 /* .gitignore */ = {isa = PBXFileReference; lastKnownFileType = text; path = .gitignore; sourceTree = "<group>"; };
		39CD10522D96D1D900AC55B9 /* Colors.swift */ = {isa = PBXFileReference; lastKnownFileType = sourcecode.swift; path = Colors.swift; sourceTree = "<group>"; };
		39CD10542D96D48D00AC55B9 /* Fonts.swift */ = {isa = PBXFileReference; lastKnownFileType = sourcecode.swift; path = Fonts.swift; sourceTree = "<group>"; };
		39CD10562D96D60B00AC55B9 /* Athelas-Bold.ttf */ = {isa = PBXFileReference; lastKnownFileType = file; path = "Athelas-Bold.ttf"; sourceTree = "<group>"; };
		39CD10572D96D60B00AC55B9 /* Athelas-BoldItalic.ttf */ = {isa = PBXFileReference; lastKnownFileType = file; path = "Athelas-BoldItalic.ttf"; sourceTree = "<group>"; };
		39CD10582D96D60B00AC55B9 /* Athelas-Italic.ttf */ = {isa = PBXFileReference; lastKnownFileType = file; path = "Athelas-Italic.ttf"; sourceTree = "<group>"; };
		39CD10592D96D60B00AC55B9 /* Athelas-Regular.ttf */ = {isa = PBXFileReference; lastKnownFileType = file; path = "Athelas-Regular.ttf"; sourceTree = "<group>"; };
		39CD105A2D96D60B00AC55B9 /* AveriaSerif-LightItalic.ttf */ = {isa = PBXFileReference; lastKnownFileType = file; path = "AveriaSerif-LightItalic.ttf"; sourceTree = "<group>"; };
		39CD105B2D96D60B00AC55B9 /* Comfortaa-Bold.ttf */ = {isa = PBXFileReference; lastKnownFileType = file; path = "Comfortaa-Bold.ttf"; sourceTree = "<group>"; };
		39CD105C2D96D60B00AC55B9 /* Comfortaa-Light.ttf */ = {isa = PBXFileReference; lastKnownFileType = file; path = "Comfortaa-Light.ttf"; sourceTree = "<group>"; };
		39CD105D2D96D60B00AC55B9 /* Comfortaa-Medium.ttf */ = {isa = PBXFileReference; lastKnownFileType = file; path = "Comfortaa-Medium.ttf"; sourceTree = "<group>"; };
		39CD105E2D96D60B00AC55B9 /* Comfortaa-Regular.ttf */ = {isa = PBXFileReference; lastKnownFileType = file; path = "Comfortaa-Regular.ttf"; sourceTree = "<group>"; };
		39CD105F2D96D60B00AC55B9 /* Comfortaa-SemiBold.ttf */ = {isa = PBXFileReference; lastKnownFileType = file; path = "Comfortaa-SemiBold.ttf"; sourceTree = "<group>"; };
		39CD10602D96D60B00AC55B9 /* Lora-Bold.ttf */ = {isa = PBXFileReference; lastKnownFileType = file; path = "Lora-Bold.ttf"; sourceTree = "<group>"; };
		39CD10612D96D60B00AC55B9 /* Lora-BoldItalic.ttf */ = {isa = PBXFileReference; lastKnownFileType = file; path = "Lora-BoldItalic.ttf"; sourceTree = "<group>"; };
		39CD10622D96D60B00AC55B9 /* Lora-Italic.ttf */ = {isa = PBXFileReference; lastKnownFileType = file; path = "Lora-Italic.ttf"; sourceTree = "<group>"; };
		39CD10632D96D60B00AC55B9 /* Lora-Medium.ttf */ = {isa = PBXFileReference; lastKnownFileType = file; path = "Lora-Medium.ttf"; sourceTree = "<group>"; };
		39CD10642D96D60B00AC55B9 /* Lora-MediumItalic.ttf */ = {isa = PBXFileReference; lastKnownFileType = file; path = "Lora-MediumItalic.ttf"; sourceTree = "<group>"; };
		39CD10652D96D60B00AC55B9 /* Lora-Regular.ttf */ = {isa = PBXFileReference; lastKnownFileType = file; path = "Lora-Regular.ttf"; sourceTree = "<group>"; };
		39CD10662D96D60B00AC55B9 /* Lora-SemiBold.ttf */ = {isa = PBXFileReference; lastKnownFileType = file; path = "Lora-SemiBold.ttf"; sourceTree = "<group>"; };
		39CD10672D96D60B00AC55B9 /* Lora-SemiBoldItalic.ttf */ = {isa = PBXFileReference; lastKnownFileType = file; path = "Lora-SemiBoldItalic.ttf"; sourceTree = "<group>"; };
		39CD10682D96D60B00AC55B9 /* Lora-VariableFont_wght.ttf */ = {isa = PBXFileReference; lastKnownFileType = file; path = "Lora-VariableFont_wght.ttf"; sourceTree = "<group>"; };
		39CD10822D96D9B600AC55B9 /* LottieView.swift */ = {isa = PBXFileReference; lastKnownFileType = sourcecode.swift; path = LottieView.swift; sourceTree = "<group>"; };
		39E3EF482D96DC1400DB85FA /* test.json */ = {isa = PBXFileReference; lastKnownFileType = text.json; path = test.json; sourceTree = "<group>"; };
/* End PBXFileReference section */

/* Begin PBXFileSystemSynchronizedRootGroup section */
		39CD10442D96ABA700AC55B9 /* Preview Content */ = {
			isa = PBXFileSystemSynchronizedRootGroup;
			path = "Preview Content";
			sourceTree = "<group>";
		};
/* End PBXFileSystemSynchronizedRootGroup section */

/* Begin PBXFrameworksBuildPhase section */
		39CD0FF92D96A87300AC55B9 /* Frameworks */ = {
			isa = PBXFrameworksBuildPhase;
			buildActionMask = 2147483647;
			files = (
				39CD107F2D96D95700AC55B9 /* Lottie in Frameworks */,
			);
			runOnlyForDeploymentPostprocessing = 0;
		};
/* End PBXFrameworksBuildPhase section */

/* Begin PBXGroup section */
		39CD0FF32D96A87300AC55B9 = {
			isa = PBXGroup;
			children = (
				39CD10472D96AC1800AC55B9 /* .gitignore */,
				39CD102E2D96AA3E00AC55B9 /* Models */,
				39CD102F2D96AA4500AC55B9 /* ViewModels */,
				39CD10352D96AA8600AC55B9 /* Views */,
				39CD10302D96AA4B00AC55B9 /* Services */,
				39CD10312D96AA4D00AC55B9 /* Extensions */,
				39CD10512D96D1C600AC55B9 /* DesignSystem */,
				39CD10322D96AA5200AC55B9 /* Resources */,
				39CD0FFD2D96A87300AC55B9 /* Products */,
				39CD10442D96ABA700AC55B9 /* Preview Content */,
				39CD100B2D96A87400AC55B9 /* Info.plist */,
				39CD100A2D96A87400AC55B9 /* SAND_kiosk.entitlements */,
				39CD0FFF2D96A87300AC55B9 /* SAND_kioskApp.swift */,
			);
			sourceTree = "<group>";
		};
		39CD0FFD2D96A87300AC55B9 /* Products */ = {
			isa = PBXGroup;
			children = (
				39CD107C2D96D61000AC55B9 /* Fonts */,
				39CD0FFC2D96A87300AC55B9 /* SAND kiosk.app */,
			);
			name = Products;
			sourceTree = "<group>";
		};
		39CD102E2D96AA3E00AC55B9 /* Models */ = {
			isa = PBXGroup;
			children = (
				39CD10332D96AA6100AC55B9 /* DreamSession.swift */,
			);
			path = Models;
			sourceTree = "<group>";
		};
		39CD102F2D96AA4500AC55B9 /* ViewModels */ = {
			isa = PBXGroup;
			children = (
				39CD10342D96AA6F00AC55B9 /* DreamSessionViewModel.swift */,
			);
			path = ViewModels;
			sourceTree = "<group>";
		};
		39CD10302D96AA4B00AC55B9 /* Services */ = {
			isa = PBXGroup;
			children = (
				39CD103B2D96AAD000AC55B9 /* BackendAPI.swift */,
				39CD103F2D96AAE200AC55B9 /* ImageExporter.swift */,
			);
			path = Services;
			sourceTree = "<group>";
		};
		39CD10312D96AA4D00AC55B9 /* Extensions */ = {
			isa = PBXGroup;
			children = (
				39CD10412D96AAEF00AC55B9 /* View+Modifiers.swift */,
			);
			path = Extensions;
			sourceTree = "<group>";
		};
		39CD10322D96AA5200AC55B9 /* Resources */ = {
			isa = PBXGroup;
			children = (
				39E3EF482D96DC1400DB85FA /* test.json */,
				39CD10052D96A87400AC55B9 /* Assets.xcassets */,
			);
			path = Resources;
			sourceTree = "<group>";
		};
		39CD10352D96AA8600AC55B9 /* Views */ = {
			isa = PBXGroup;
			children = (
				39CD10012D96A87300AC55B9 /* ContentView.swift */,
				39CD10362D96AA9600AC55B9 /* IdleView.swift */,
				39CD10372D96AAAF00AC55B9 /* DreamInputView.swift */,
				39CD10382D96AAB700AC55B9 /* UserInfoView.swift */,
				39CD10392D96AABF00AC55B9 /* ProcessingView.swift */,
				39CD103A2D96AAC500AC55B9 /* ResultView.swift */,
			);
			path = Views;
			sourceTree = "<group>";
		};
		39CD10512D96D1C600AC55B9 /* DesignSystem */ = {
			isa = PBXGroup;
			children = (
				39CD10822D96D9B600AC55B9 /* LottieView.swift */,
				39CD10542D96D48D00AC55B9 /* Fonts.swift */,
				39CD10522D96D1D900AC55B9 /* Colors.swift */,
			);
			path = DesignSystem;
			sourceTree = "<group>";
		};
		39CD107C2D96D61000AC55B9 /* Fonts */ = {
			isa = PBXGroup;
			children = (
				39CD10562D96D60B00AC55B9 /* Athelas-Bold.ttf */,
				39CD10572D96D60B00AC55B9 /* Athelas-BoldItalic.ttf */,
				39CD10582D96D60B00AC55B9 /* Athelas-Italic.ttf */,
				39CD10592D96D60B00AC55B9 /* Athelas-Regular.ttf */,
				39CD105A2D96D60B00AC55B9 /* AveriaSerif-LightItalic.ttf */,
				39CD105B2D96D60B00AC55B9 /* Comfortaa-Bold.ttf */,
				39CD105C2D96D60B00AC55B9 /* Comfortaa-Light.ttf */,
				39CD105D2D96D60B00AC55B9 /* Comfortaa-Medium.ttf */,
				39CD105E2D96D60B00AC55B9 /* Comfortaa-Regular.ttf */,
				39CD105F2D96D60B00AC55B9 /* Comfortaa-SemiBold.ttf */,
				39CD10602D96D60B00AC55B9 /* Lora-Bold.ttf */,
				39CD10612D96D60B00AC55B9 /* Lora-BoldItalic.ttf */,
				39CD10622D96D60B00AC55B9 /* Lora-Italic.ttf */,
				39CD10632D96D60B00AC55B9 /* Lora-Medium.ttf */,
				39CD10642D96D60B00AC55B9 /* Lora-MediumItalic.ttf */,
				39CD10652D96D60B00AC55B9 /* Lora-Regular.ttf */,
				39CD10662D96D60B00AC55B9 /* Lora-SemiBold.ttf */,
				39CD10672D96D60B00AC55B9 /* Lora-SemiBoldItalic.ttf */,
				39CD10682D96D60B00AC55B9 /* Lora-VariableFont_wght.ttf */,
			);
			path = Fonts;
			sourceTree = "<group>";
		};
/* End PBXGroup section */

/* Begin PBXNativeTarget section */
		39CD0FFB2D96A87300AC55B9 /* SAND kiosk */ = {
			isa = PBXNativeTarget;
			buildConfigurationList = 39CD10232D96A87400AC55B9 /* Build configuration list for PBXNativeTarget "SAND kiosk" */;
			buildPhases = (
				39CD0FF82D96A87300AC55B9 /* Sources */,
				39CD0FF92D96A87300AC55B9 /* Frameworks */,
				39CD0FFA2D96A87300AC55B9 /* Resources */,
			);
			buildRules = (
			);
			dependencies = (
			);
			fileSystemSynchronizedGroups = (
				39CD10442D96ABA700AC55B9 /* Preview Content */,
			);
			name = "SAND kiosk";
			packageProductDependencies = (
				39CD107E2D96D95700AC55B9 /* Lottie */,
			);
			productName = "SAND kiosk";
			productReference = 39CD0FFC2D96A87300AC55B9 /* SAND kiosk.app */;
			productType = "com.apple.product-type.application";
		};
/* End PBXNativeTarget section */

/* Begin PBXProject section */
		39CD0FF42D96A87300AC55B9 /* Project object */ = {
			isa = PBXProject;
			attributes = {
				BuildIndependentTargetsInParallel = 1;
				LastSwiftUpdateCheck = 1620;
				LastUpgradeCheck = 1620;
				TargetAttributes = {
					39CD0FFB2D96A87300AC55B9 = {
						CreatedOnToolsVersion = 16.2;
					};
				};
			};
			buildConfigurationList = 39CD0FF72D96A87300AC55B9 /* Build configuration list for PBXProject "SAND kiosk" */;
			developmentRegion = en;
			hasScannedForEncodings = 0;
			knownRegions = (
				en,
				Base,
			);
			mainGroup = 39CD0FF32D96A87300AC55B9;
			minimizedProjectReferenceProxies = 1;
			packageReferences = (
				39CD107D2D96D95700AC55B9 /* XCRemoteSwiftPackageReference "lottie-ios" */,
			);
			preferredProjectObjectVersion = 77;
			productRefGroup = 39CD0FFD2D96A87300AC55B9 /* Products */;
			projectDirPath = "";
			projectRoot = "";
			targets = (
				39CD0FFB2D96A87300AC55B9 /* SAND kiosk */,
			);
		};
/* End PBXProject section */

/* Begin PBXResourcesBuildPhase section */
		39CD0FFA2D96A87300AC55B9 /* Resources */ = {
			isa = PBXResourcesBuildPhase;
			buildActionMask = 2147483647;
			files = (
				39CD10692D96D60B00AC55B9 /* Comfortaa-Light.ttf in Resources */,
				39CD106A2D96D60B00AC55B9 /* Comfortaa-Bold.ttf in Resources */,
				39CD106B2D96D60B00AC55B9 /* Athelas-BoldItalic.ttf in Resources */,
				39CD106C2D96D60B00AC55B9 /* Comfortaa-Medium.ttf in Resources */,
				39CD106D2D96D60B00AC55B9 /* Lora-BoldItalic.ttf in Resources */,
				39CD106E2D96D60B00AC55B9 /* Athelas-Bold.ttf in Resources */,
				39CD106F2D96D60B00AC55B9 /* AveriaSerif-LightItalic.ttf in Resources */,
				39CD10702D96D60B00AC55B9 /* Comfortaa-SemiBold.ttf in Resources */,
				39CD10712D96D60B00AC55B9 /* Lora-Medium.ttf in Resources */,
				39CD10722D96D60B00AC55B9 /* Athelas-Regular.ttf in Resources */,
				39CD10732D96D60B00AC55B9 /* Lora-Bold.ttf in Resources */,
				39CD10742D96D60B00AC55B9 /* Comfortaa-Regular.ttf in Resources */,
				39CD10752D96D60B00AC55B9 /* Lora-Regular.ttf in Resources */,
				39CD10762D96D60B00AC55B9 /* Athelas-Italic.ttf in Resources */,
				39CD10772D96D60B00AC55B9 /* Lora-Italic.ttf in Resources */,
				39E3EF492D96DC1400DB85FA /* test.json in Resources */,
				39CD10782D96D60B00AC55B9 /* Lora-MediumItalic.ttf in Resources */,
				39CD10792D96D60B00AC55B9 /* Lora-VariableFont_wght.ttf in Resources */,
				39CD107A2D96D60B00AC55B9 /* Lora-SemiBold.ttf in Resources */,
				39CD107B2D96D60B00AC55B9 /* Lora-SemiBoldItalic.ttf in Resources */,
				39CD10482D96AC1E00AC55B9 /* .gitignore in Resources */,
				39CD10062D96A87400AC55B9 /* Assets.xcassets in Resources */,
			);
			runOnlyForDeploymentPostprocessing = 0;
		};
/* End PBXResourcesBuildPhase section */

/* Begin PBXSourcesBuildPhase section */
		39CD0FF82D96A87300AC55B9 /* Sources */ = {
			isa = PBXSourcesBuildPhase;
			buildActionMask = 2147483647;
			files = (
				39CD10552D96D49300AC55B9 /* Fonts.swift in Sources */,
				39CD10492D96AD7200AC55B9 /* IdleView.swift in Sources */,
				39CD10832D96D9BE00AC55B9 /* LottieView.swift in Sources */,
				39CD104B2D96AD7200AC55B9 /* UserInfoView.swift in Sources */,
				39CD104F2D96C6C200AC55B9 /* DreamSessionViewModel.swift in Sources */,
				39CD104C2D96AD7200AC55B9 /* ProcessingView.swift in Sources */,
				39CD104D2D96AD7200AC55B9 /* ResultView.swift in Sources */,
				39CD104E2D96C6BA00AC55B9 /* DreamSession.swift in Sources */,
				39CD10022D96A87300AC55B9 /* ContentView.swift in Sources */,
				39CD10502D96C90000AC55B9 /* DreamInputView.swift in Sources */,
				39CD10532D96D1FC00AC55B9 /* Colors.swift in Sources */,
				39CD10422D96AAEF00AC55B9 /* View+Modifiers.swift in Sources */,
				39CD103C2D96AAD000AC55B9 /* BackendAPI.swift in Sources */,
				39CD10402D96AAE200AC55B9 /* ImageExporter.swift in Sources */,
				39CD10002D96A87300AC55B9 /* SAND_kioskApp.swift in Sources */,
			);
			runOnlyForDeploymentPostprocessing = 0;
		};
/* End PBXSourcesBuildPhase section */

/* Begin XCBuildConfiguration section */
		39CD10242D96A87400AC55B9 /* Debug */ = {
			isa = XCBuildConfiguration;
			buildSettings = {
				ASSETCATALOG_COMPILER_APPICON_NAME = AppIcon;
				ASSETCATALOG_COMPILER_GLOBAL_ACCENT_COLOR_NAME = AccentColor;
				CODE_SIGN_ENTITLEMENTS = SAND_kiosk.entitlements;
				CODE_SIGN_STYLE = Automatic;
				CURRENT_PROJECT_VERSION = 1;
				DEVELOPMENT_ASSET_PATHS = "";
				DEVELOPMENT_TEAM = 2F9KK66UP3;
				ENABLE_PREVIEWS = YES;
				GENERATE_INFOPLIST_FILE = NO;
				INFOPLIST_FILE = Info.plist;
				INFOPLIST_KEY_CFBundleDisplayName = "SAND-Kiosk";
				INFOPLIST_KEY_LSApplicationCategoryType = "public.app-category.social-networking";
				INFOPLIST_KEY_UIApplicationSceneManifest_Generation = YES;
				INFOPLIST_KEY_UIApplicationSupportsIndirectInputEvents = YES;
				INFOPLIST_KEY_UILaunchScreen_Generation = YES;
				INFOPLIST_KEY_UISupportedInterfaceOrientations = UIInterfaceOrientationLandscapeLeft;
				LD_RUNPATH_SEARCH_PATHS = (
					"$(inherited)",
					"@executable_path/Frameworks",
				);
				MARKETING_VERSION = 1.0;
				PRODUCT_BUNDLE_IDENTIFIER = "com.games407.SAND-kiosk";
				PRODUCT_NAME = "$(TARGET_NAME)";
				SWIFT_EMIT_LOC_STRINGS = YES;
				SWIFT_VERSION = 5.0;
				TARGETED_DEVICE_FAMILY = "1,2";
			};
			name = Debug;
		};
		39CD10252D96A87400AC55B9 /* Release */ = {
			isa = XCBuildConfiguration;
			buildSettings = {
				ASSETCATALOG_COMPILER_APPICON_NAME = AppIcon;
				ASSETCATALOG_COMPILER_GLOBAL_ACCENT_COLOR_NAME = AccentColor;
				CODE_SIGN_ENTITLEMENTS = SAND_kiosk.entitlements;
				CODE_SIGN_STYLE = Automatic;
				CURRENT_PROJECT_VERSION = 1;
				DEVELOPMENT_ASSET_PATHS = "";
				DEVELOPMENT_TEAM = 2F9KK66UP3;
				ENABLE_PREVIEWS = YES;
				GENERATE_INFOPLIST_FILE = NO;
				INFOPLIST_FILE = Info.plist;
				INFOPLIST_KEY_CFBundleDisplayName = "SAND-Kiosk";
				INFOPLIST_KEY_LSApplicationCategoryType = "public.app-category.social-networking";
				INFOPLIST_KEY_UIApplicationSceneManifest_Generation = YES;
				INFOPLIST_KEY_UIApplicationSupportsIndirectInputEvents = YES;
				INFOPLIST_KEY_UILaunchScreen_Generation = YES;
				INFOPLIST_KEY_UISupportedInterfaceOrientations = UIInterfaceOrientationLandscapeLeft;
				LD_RUNPATH_SEARCH_PATHS = (
					"$(inherited)",
					"@executable_path/Frameworks",
				);
				MARKETING_VERSION = 1.0;
				PRODUCT_BUNDLE_IDENTIFIER = "com.games407.SAND-kiosk";
				PRODUCT_NAME = "$(TARGET_NAME)";
				SWIFT_EMIT_LOC_STRINGS = YES;
				SWIFT_VERSION = 5.0;
				TARGETED_DEVICE_FAMILY = "1,2";
			};
			name = Release;
		};
		39CD10262D96A87400AC55B9 /* Debug */ = {
			isa = XCBuildConfiguration;
			buildSettings = {
				ALWAYS_SEARCH_USER_PATHS = NO;
				ASSETCATALOG_COMPILER_GENERATE_SWIFT_ASSET_SYMBOL_EXTENSIONS = YES;
				CLANG_ANALYZER_NONNULL = YES;
				CLANG_ANALYZER_NUMBER_OBJECT_CONVERSION = YES_AGGRESSIVE;
				CLANG_CXX_LANGUAGE_STANDARD = "gnu++20";
				CLANG_ENABLE_MODULES = YES;
				CLANG_ENABLE_OBJC_ARC = YES;
				CLANG_ENABLE_OBJC_WEAK = YES;
				CLANG_WARN_BLOCK_CAPTURE_AUTORELEASING = YES;
				CLANG_WARN_BOOL_CONVERSION = YES;
				CLANG_WARN_COMMA = YES;
				CLANG_WARN_CONSTANT_CONVERSION = YES;
				CLANG_WARN_DEPRECATED_OBJC_IMPLEMENTATIONS = YES;
				CLANG_WARN_DIRECT_OBJC_ISA_USAGE = YES_ERROR;
				CLANG_WARN_DOCUMENTATION_COMMENTS = YES;
				CLANG_WARN_EMPTY_BODY = YES;
				CLANG_WARN_ENUM_CONVERSION = YES;
				CLANG_WARN_INFINITE_RECURSION = YES;
				CLANG_WARN_INT_CONVERSION = YES;
				CLANG_WARN_NON_LITERAL_NULL_CONVERSION = YES;
				CLANG_WARN_OBJC_IMPLICIT_RETAIN_SELF = YES;
				CLANG_WARN_OBJC_LITERAL_CONVERSION = YES;
				CLANG_WARN_OBJC_ROOT_CLASS = YES_ERROR;
				CLANG_WARN_QUOTED_INCLUDE_IN_FRAMEWORK_HEADER = YES;
				CLANG_WARN_RANGE_LOOP_ANALYSIS = YES;
				CLANG_WARN_STRICT_PROTOTYPES = YES;
				CLANG_WARN_SUSPICIOUS_MOVE = YES;
				CLANG_WARN_UNGUARDED_AVAILABILITY = YES_AGGRESSIVE;
				CLANG_WARN_UNREACHABLE_CODE = YES;
				CLANG_WARN__DUPLICATE_METHOD_MATCH = YES;
				COPY_PHASE_STRIP = NO;
				DEBUG_INFORMATION_FORMAT = dwarf;
				ENABLE_STRICT_OBJC_MSGSEND = YES;
				ENABLE_TESTABILITY = YES;
				ENABLE_USER_SCRIPT_SANDBOXING = YES;
				GCC_C_LANGUAGE_STANDARD = gnu17;
				GCC_DYNAMIC_NO_PIC = NO;
				GCC_NO_COMMON_BLOCKS = YES;
				GCC_OPTIMIZATION_LEVEL = 0;
				GCC_PREPROCESSOR_DEFINITIONS = (
					"DEBUG=1",
					"$(inherited)",
				);
				GCC_WARN_64_TO_32_BIT_CONVERSION = YES;
				GCC_WARN_ABOUT_RETURN_TYPE = YES_ERROR;
				GCC_WARN_UNDECLARED_SELECTOR = YES;
				GCC_WARN_UNINITIALIZED_AUTOS = YES_AGGRESSIVE;
				GCC_WARN_UNUSED_FUNCTION = YES;
				GCC_WARN_UNUSED_VARIABLE = YES;
				IPHONEOS_DEPLOYMENT_TARGET = 18.2;
				LOCALIZATION_PREFERS_STRING_CATALOGS = YES;
				MTL_ENABLE_DEBUG_INFO = INCLUDE_SOURCE;
				MTL_FAST_MATH = YES;
				ONLY_ACTIVE_ARCH = YES;
				SDKROOT = iphoneos;
				SWIFT_ACTIVE_COMPILATION_CONDITIONS = "DEBUG $(inherited)";
				SWIFT_OPTIMIZATION_LEVEL = "-Onone";
			};
			name = Debug;
		};
		39CD10272D96A87400AC55B9 /* Release */ = {
			isa = XCBuildConfiguration;
			buildSettings = {
				ALWAYS_SEARCH_USER_PATHS = NO;
				ASSETCATALOG_COMPILER_GENERATE_SWIFT_ASSET_SYMBOL_EXTENSIONS = YES;
				CLANG_ANALYZER_NONNULL = YES;
				CLANG_ANALYZER_NUMBER_OBJECT_CONVERSION = YES_AGGRESSIVE;
				CLANG_CXX_LANGUAGE_STANDARD = "gnu++20";
				CLANG_ENABLE_MODULES = YES;
				CLANG_ENABLE_OBJC_ARC = YES;
				CLANG_ENABLE_OBJC_WEAK = YES;
				CLANG_WARN_BLOCK_CAPTURE_AUTORELEASING = YES;
				CLANG_WARN_BOOL_CONVERSION = YES;
				CLANG_WARN_COMMA = YES;
				CLANG_WARN_CONSTANT_CONVERSION = YES;
				CLANG_WARN_DEPRECATED_OBJC_IMPLEMENTATIONS = YES;
				CLANG_WARN_DIRECT_OBJC_ISA_USAGE = YES_ERROR;
				CLANG_WARN_DOCUMENTATION_COMMENTS = YES;
				CLANG_WARN_EMPTY_BODY = YES;
				CLANG_WARN_ENUM_CONVERSION = YES;
				CLANG_WARN_INFINITE_RECURSION = YES;
				CLANG_WARN_INT_CONVERSION = YES;
				CLANG_WARN_NON_LITERAL_NULL_CONVERSION = YES;
				CLANG_WARN_OBJC_IMPLICIT_RETAIN_SELF = YES;
				CLANG_WARN_OBJC_LITERAL_CONVERSION = YES;
				CLANG_WARN_OBJC_ROOT_CLASS = YES_ERROR;
				CLANG_WARN_QUOTED_INCLUDE_IN_FRAMEWORK_HEADER = YES;
				CLANG_WARN_RANGE_LOOP_ANALYSIS = YES;
				CLANG_WARN_STRICT_PROTOTYPES = YES;
				CLANG_WARN_SUSPICIOUS_MOVE = YES;
				CLANG_WARN_UNGUARDED_AVAILABILITY = YES_AGGRESSIVE;
				CLANG_WARN_UNREACHABLE_CODE = YES;
				CLANG_WARN__DUPLICATE_METHOD_MATCH = YES;
				COPY_PHASE_STRIP = NO;
				DEBUG_INFORMATION_FORMAT = "dwarf-with-dsym";
				ENABLE_NS_ASSERTIONS = NO;
				ENABLE_STRICT_OBJC_MSGSEND = YES;
				ENABLE_USER_SCRIPT_SANDBOXING = YES;
				GCC_C_LANGUAGE_STANDARD = gnu17;
				GCC_NO_COMMON_BLOCKS = YES;
				GCC_WARN_64_TO_32_BIT_CONVERSION = YES;
				GCC_WARN_ABOUT_RETURN_TYPE = YES_ERROR;
				GCC_WARN_UNDECLARED_SELECTOR = YES;
				GCC_WARN_UNINITIALIZED_AUTOS = YES_AGGRESSIVE;
				GCC_WARN_UNUSED_FUNCTION = YES;
				GCC_WARN_UNUSED_VARIABLE = YES;
				IPHONEOS_DEPLOYMENT_TARGET = 18.2;
				LOCALIZATION_PREFERS_STRING_CATALOGS = YES;
				MTL_ENABLE_DEBUG_INFO = NO;
				MTL_FAST_MATH = YES;
				SDKROOT = iphoneos;
				SWIFT_COMPILATION_MODE = wholemodule;
				VALIDATE_PRODUCT = YES;
			};
			name = Release;
		};
/* End XCBuildConfiguration section */

/* Begin XCConfigurationList section */
		39CD0FF72D96A87300AC55B9 /* Build configuration list for PBXProject "SAND kiosk" */ = {
			isa = XCConfigurationList;
			buildConfigurations = (
				39CD10262D96A87400AC55B9 /* Debug */,
				39CD10272D96A87400AC55B9 /* Release */,
			);
			defaultConfigurationIsVisible = 0;
			defaultConfigurationName = Release;
		};
		39CD10232D96A87400AC55B9 /* Build configuration list for PBXNativeTarget "SAND kiosk" */ = {
			isa = XCConfigurationList;
			buildConfigurations = (
				39CD10242D96A87400AC55B9 /* Debug */,
				39CD10252D96A87400AC55B9 /* Release */,
			);
			defaultConfigurationIsVisible = 0;
			defaultConfigurationName = Release;
		};
/* End XCConfigurationList section */

/* Begin XCRemoteSwiftPackageReference section */
		39CD107D2D96D95700AC55B9 /* XCRemoteSwiftPackageReference "lottie-ios" */ = {
			isa = XCRemoteSwiftPackageReference;
			repositoryURL = "https://github.com/airbnb/lottie-ios.git";
			requirement = {
				kind = upToNextMajorVersion;
				minimumVersion = 4.5.1;
			};
		};
/* End XCRemoteSwiftPackageReference section */

/* Begin XCSwiftPackageProductDependency section */
		39CD107E2D96D95700AC55B9 /* Lottie */ = {
			isa = XCSwiftPackageProductDependency;
			package = 39CD107D2D96D95700AC55B9 /* XCRemoteSwiftPackageReference "lottie-ios" */;
			productName = Lottie;
		};
/* End XCSwiftPackageProductDependency section */
	};
	rootObject = 39CD0FF42D96A87300AC55B9 /* Project object */;
}
